// !$*UTF8*$!
{
	archiveVersion = 1;
	classes = {
	};
	objectVersion = 54;
	objects = {

/* Begin PBXBuildFile section */
		A515F1CA27535097003E8E64 /* CreatePostViewController.swift in Sources */ = {isa = PBXBuildFile; fileRef = A515F1C827535097003E8E64 /* CreatePostViewController.swift */; };
		A515F1CB27535097003E8E64 /* CreatePostViewController.xib in Resources */ = {isa = PBXBuildFile; fileRef = A515F1C927535097003E8E64 /* CreatePostViewController.xib */; };
		A5290D402752C89100F351E2 /* UserUpperInfoView.swift in Sources */ = {isa = PBXBuildFile; fileRef = A5290D3F2752C89100F351E2 /* UserUpperInfoView.swift */; };
		A5290D432752C8E200F351E2 /* UserUpperInfoView.xib in Resources */ = {isa = PBXBuildFile; fileRef = A5290D422752C8E200F351E2 /* UserUpperInfoView.xib */; };
		A5439265275243B100B26005 /* RegisterViewController.swift in Sources */ = {isa = PBXBuildFile; fileRef = A5439263275243B000B26005 /* RegisterViewController.swift */; };
		A5439266275243B100B26005 /* RegisterViewController.xib in Resources */ = {isa = PBXBuildFile; fileRef = A5439264275243B000B26005 /* RegisterViewController.xib */; };
		A5439269275244C800B26005 /* Launch Screen.storyboard in Resources */ = {isa = PBXBuildFile; fileRef = A5439268275244C800B26005 /* Launch Screen.storyboard */; };
		A54392732752620500B26005 /* LoginViewController.swift in Sources */ = {isa = PBXBuildFile; fileRef = A54392712752620500B26005 /* LoginViewController.swift */; };
		A54392742752620500B26005 /* LoginViewController.xib in Resources */ = {isa = PBXBuildFile; fileRef = A54392722752620500B26005 /* LoginViewController.xib */; };
		A54392792752725700B26005 /* UserDefaultsService.swift in Sources */ = {isa = PBXBuildFile; fileRef = A54392782752725700B26005 /* UserDefaultsService.swift */; };
		A543927E27527CFF00B26005 /* ProfileDetailsView.swift in Sources */ = {isa = PBXBuildFile; fileRef = A543927D27527CFF00B26005 /* ProfileDetailsView.swift */; };
		CAB5EDD22751E234002E149F /* InvestmentApp.swift in Sources */ = {isa = PBXBuildFile; fileRef = CAB5EDD12751E234002E149F /* InvestmentApp.swift */; };
		CAB5EDD42751E234002E149F /* ContentView.swift in Sources */ = {isa = PBXBuildFile; fileRef = CAB5EDD32751E234002E149F /* ContentView.swift */; };
		CAB5EDD62751E23F002E149F /* Assets.xcassets in Resources */ = {isa = PBXBuildFile; fileRef = CAB5EDD52751E23F002E149F /* Assets.xcassets */; };
		CAB5EDD92751E23F002E149F /* Preview Assets.xcassets in Resources */ = {isa = PBXBuildFile; fileRef = CAB5EDD82751E23F002E149F /* Preview Assets.xcassets */; };
		CAB5EDE12751E2A6002E149F /* Color+Custom.swift in Sources */ = {isa = PBXBuildFile; fileRef = CAB5EDE02751E2A6002E149F /* Color+Custom.swift */; };
		CAB5EDE32751E2B7002E149F /* Font+Custom.swift in Sources */ = {isa = PBXBuildFile; fileRef = CAB5EDE22751E2B7002E149F /* Font+Custom.swift */; };
		CAB5EDF72751E407002E149F /* Poppins-BoldItalic.ttf in Resources */ = {isa = PBXBuildFile; fileRef = CAB5EDE52751E407002E149F /* Poppins-BoldItalic.ttf */; };
		CAB5EDF82751E407002E149F /* Poppins-ExtraBoldItalic.ttf in Resources */ = {isa = PBXBuildFile; fileRef = CAB5EDE62751E407002E149F /* Poppins-ExtraBoldItalic.ttf */; };
		CAB5EDF92751E407002E149F /* Poppins-Medium.ttf in Resources */ = {isa = PBXBuildFile; fileRef = CAB5EDE72751E407002E149F /* Poppins-Medium.ttf */; };
		CAB5EDFA2751E407002E149F /* Poppins-Bold.ttf in Resources */ = {isa = PBXBuildFile; fileRef = CAB5EDE82751E407002E149F /* Poppins-Bold.ttf */; };
		CAB5EDFB2751E407002E149F /* Poppins-ExtraBold.ttf in Resources */ = {isa = PBXBuildFile; fileRef = CAB5EDE92751E407002E149F /* Poppins-ExtraBold.ttf */; };
		CAB5EDFC2751E407002E149F /* Poppins-MediumItalic.ttf in Resources */ = {isa = PBXBuildFile; fileRef = CAB5EDEA2751E407002E149F /* Poppins-MediumItalic.ttf */; };
		CAB5EDFD2751E407002E149F /* Poppins-SemiBold.ttf in Resources */ = {isa = PBXBuildFile; fileRef = CAB5EDEB2751E407002E149F /* Poppins-SemiBold.ttf */; };
		CAB5EDFE2751E407002E149F /* Poppins-LightItalic.ttf in Resources */ = {isa = PBXBuildFile; fileRef = CAB5EDEC2751E407002E149F /* Poppins-LightItalic.ttf */; };
		CAB5EDFF2751E407002E149F /* Poppins-Regular.ttf in Resources */ = {isa = PBXBuildFile; fileRef = CAB5EDED2751E407002E149F /* Poppins-Regular.ttf */; };
		CAB5EE002751E407002E149F /* Poppins-Italic.ttf in Resources */ = {isa = PBXBuildFile; fileRef = CAB5EDEE2751E407002E149F /* Poppins-Italic.ttf */; };
		CAB5EE012751E407002E149F /* Poppins-SemiBoldItalic.ttf in Resources */ = {isa = PBXBuildFile; fileRef = CAB5EDEF2751E407002E149F /* Poppins-SemiBoldItalic.ttf */; };
		CAB5EE022751E407002E149F /* Poppins-BlackItalic.ttf in Resources */ = {isa = PBXBuildFile; fileRef = CAB5EDF02751E407002E149F /* Poppins-BlackItalic.ttf */; };
		CAB5EE032751E407002E149F /* Poppins-Black.ttf in Resources */ = {isa = PBXBuildFile; fileRef = CAB5EDF12751E407002E149F /* Poppins-Black.ttf */; };
		CAB5EE042751E407002E149F /* Poppins-Light.ttf in Resources */ = {isa = PBXBuildFile; fileRef = CAB5EDF22751E407002E149F /* Poppins-Light.ttf */; };
		CAB5EE052751E407002E149F /* Poppins-ExtraLight.ttf in Resources */ = {isa = PBXBuildFile; fileRef = CAB5EDF32751E407002E149F /* Poppins-ExtraLight.ttf */; };
		CAB5EE062751E407002E149F /* Poppins-ExtraLightItalic.ttf in Resources */ = {isa = PBXBuildFile; fileRef = CAB5EDF42751E407002E149F /* Poppins-ExtraLightItalic.ttf */; };
		CAB5EE072751E407002E149F /* Poppins-ThinItalic.ttf in Resources */ = {isa = PBXBuildFile; fileRef = CAB5EDF52751E407002E149F /* Poppins-ThinItalic.ttf */; };
		CAB5EE082751E407002E149F /* Poppins-Thin.ttf in Resources */ = {isa = PBXBuildFile; fileRef = CAB5EDF62751E407002E149F /* Poppins-Thin.ttf */; };
		CAB5EE0C2751E58F002E149F /* BannerShowing.swift in Sources */ = {isa = PBXBuildFile; fileRef = CAB5EE0B2751E58F002E149F /* BannerShowing.swift */; };
		CAB5EE0F2751E5F9002E149F /* NotificationBannerSwift in Frameworks */ = {isa = PBXBuildFile; productRef = CAB5EE0E2751E5F9002E149F /* NotificationBannerSwift */; };
		CAB5EE122751E621002E149F /* Alamofire in Frameworks */ = {isa = PBXBuildFile; productRef = CAB5EE112751E621002E149F /* Alamofire */; };
		CAB5EE152751E630002E149F /* SnapKit in Frameworks */ = {isa = PBXBuildFile; productRef = CAB5EE142751E630002E149F /* SnapKit */; };
		CAB5EE182751E67C002E149F /* NetworkService.swift in Sources */ = {isa = PBXBuildFile; fileRef = CAB5EE172751E67C002E149F /* NetworkService.swift */; };
		CAB5EE1C2751E954002E149F /* TabbarViewModel.swift in Sources */ = {isa = PBXBuildFile; fileRef = CAB5EE1B2751E954002E149F /* TabbarViewModel.swift */; };
		CAB5EE1E2751EA8F002E149F /* TabbarView.swift in Sources */ = {isa = PBXBuildFile; fileRef = CAB5EE1D2751EA8F002E149F /* TabbarView.swift */; };
		CAB5EE212751F091002E149F /* ChatsView.swift in Sources */ = {isa = PBXBuildFile; fileRef = CAB5EE202751F091002E149F /* ChatsView.swift */; };
		CAB5EE232751F0A3002E149F /* ChatsViewModel.swift in Sources */ = {isa = PBXBuildFile; fileRef = CAB5EE222751F0A3002E149F /* ChatsViewModel.swift */; };
		CAB5EE262751F0E8002E149F /* Chat.swift in Sources */ = {isa = PBXBuildFile; fileRef = CAB5EE252751F0E8002E149F /* Chat.swift */; };
		CAB5EE292751F617002E149F /* SDWebImageSwiftUI in Frameworks */ = {isa = PBXBuildFile; productRef = CAB5EE282751F617002E149F /* SDWebImageSwiftUI */; };
		CAB5EE2C27520237002E149F /* MessagesView.swift in Sources */ = {isa = PBXBuildFile; fileRef = CAB5EE2B27520237002E149F /* MessagesView.swift */; };
		CAB5EE2E2752024A002E149F /* MessagesViewModel.swift in Sources */ = {isa = PBXBuildFile; fileRef = CAB5EE2D2752024A002E149F /* MessagesViewModel.swift */; };
		CAB5EE302752027E002E149F /* Message.swift in Sources */ = {isa = PBXBuildFile; fileRef = CAB5EE2F2752027E002E149F /* Message.swift */; };
		CAB5EE3227520E50002E149F /* Date+Custom.swift in Sources */ = {isa = PBXBuildFile; fileRef = CAB5EE3127520E4F002E149F /* Date+Custom.swift */; };
		CAB5EE3427520E87002E149F /* MessageRow.swift in Sources */ = {isa = PBXBuildFile; fileRef = CAB5EE3327520E87002E149F /* MessageRow.swift */; };
		CAB5EE3727522D30002E149F /* HomeViewModel.swift in Sources */ = {isa = PBXBuildFile; fileRef = CAB5EE3627522D2F002E149F /* HomeViewModel.swift */; };
		CAB5EE3927522D46002E149F /* HomeView.swift in Sources */ = {isa = PBXBuildFile; fileRef = CAB5EE3827522D46002E149F /* HomeView.swift */; };
		CAB5EE4727523565002E149F /* RegisterView.swift in Sources */ = {isa = PBXBuildFile; fileRef = CAB5EE4627523565002E149F /* RegisterView.swift */; };
		CAB5EE74275298B8002E149F /* CommentsViewModel.swift in Sources */ = {isa = PBXBuildFile; fileRef = CAB5EE69275298B8002E149F /* CommentsViewModel.swift */; };
		CAB5EE75275298B8002E149F /* CommentsView.swift in Sources */ = {isa = PBXBuildFile; fileRef = CAB5EE6A275298B8002E149F /* CommentsView.swift */; };
		CAB5EE76275298B8002E149F /* ThreadView.swift in Sources */ = {isa = PBXBuildFile; fileRef = CAB5EE6C275298B8002E149F /* ThreadView.swift */; };
		CAB5EE77275298B8002E149F /* ThreadViewModel.swift in Sources */ = {isa = PBXBuildFile; fileRef = CAB5EE6D275298B8002E149F /* ThreadViewModel.swift */; };
		CAB5EE78275298B8002E149F /* CommentView.swift in Sources */ = {isa = PBXBuildFile; fileRef = CAB5EE6E275298B8002E149F /* CommentView.swift */; };
		CAB5EE79275298B8002E149F /* NewsView.swift in Sources */ = {isa = PBXBuildFile; fileRef = CAB5EE70275298B8002E149F /* NewsView.swift */; };
		CAB5EE7A275298B8002E149F /* NewsViewModel.swift in Sources */ = {isa = PBXBuildFile; fileRef = CAB5EE71275298B8002E149F /* NewsViewModel.swift */; };
		CAB5EE7B275298B8002E149F /* PostView.swift in Sources */ = {isa = PBXBuildFile; fileRef = CAB5EE72275298B8002E149F /* PostView.swift */; };
		CAB5EE7C275298B8002E149F /* InstrumentView.swift in Sources */ = {isa = PBXBuildFile; fileRef = CAB5EE73275298B8002E149F /* InstrumentView.swift */; };
		CAB5EE7E275298C4002E149F /* Post.swift in Sources */ = {isa = PBXBuildFile; fileRef = CAB5EE7D275298C4002E149F /* Post.swift */; };
		CAB5EE80275298F4002E149F /* AuthResult.swift in Sources */ = {isa = PBXBuildFile; fileRef = CAB5EE7F275298F4002E149F /* AuthResult.swift */; };
		CAB5EE8227529935002E149F /* Author.swift in Sources */ = {isa = PBXBuildFile; fileRef = CAB5EE8127529935002E149F /* Author.swift */; };
		CAB5EE8427529949002E149F /* Instrument.swift in Sources */ = {isa = PBXBuildFile; fileRef = CAB5EE8327529949002E149F /* Instrument.swift */; };
		CAB5EE8627529978002E149F /* Comment.swift in Sources */ = {isa = PBXBuildFile; fileRef = CAB5EE8527529978002E149F /* Comment.swift */; };
		CAB5EE88275299BD002E149F /* SendView.swift in Sources */ = {isa = PBXBuildFile; fileRef = CAB5EE87275299BD002E149F /* SendView.swift */; };
		CAB5EE8C27529C1C002E149F /* NetworkService+Extensions.swift in Sources */ = {isa = PBXBuildFile; fileRef = CAB5EE8B27529C1C002E149F /* NetworkService+Extensions.swift */; };
		CAB5EE912752AC41002E149F /* InstrumentsViewModel.swift in Sources */ = {isa = PBXBuildFile; fileRef = CAB5EE902752AC41002E149F /* InstrumentsViewModel.swift */; };
		CAB5EE932752AC54002E149F /* InstrumentsView.swift in Sources */ = {isa = PBXBuildFile; fileRef = CAB5EE922752AC54002E149F /* InstrumentsView.swift */; };
		CAB5EE962752B66D002E149F /* InstrumentDetailsView.swift in Sources */ = {isa = PBXBuildFile; fileRef = CAB5EE952752B66D002E149F /* InstrumentDetailsView.swift */; };
		CAB5EE982752B68E002E149F /* InstrumentDetailsViewModel.swift in Sources */ = {isa = PBXBuildFile; fileRef = CAB5EE972752B68E002E149F /* InstrumentDetailsViewModel.swift */; };
/* End PBXBuildFile section */

/* Begin PBXFileReference section */
		A515F1C827535097003E8E64 /* CreatePostViewController.swift */ = {isa = PBXFileReference; lastKnownFileType = sourcecode.swift; path = CreatePostViewController.swift; sourceTree = "<group>"; };
		A515F1C927535097003E8E64 /* CreatePostViewController.xib */ = {isa = PBXFileReference; lastKnownFileType = file.xib; path = CreatePostViewController.xib; sourceTree = "<group>"; };
		A5290D3F2752C89100F351E2 /* UserUpperInfoView.swift */ = {isa = PBXFileReference; lastKnownFileType = sourcecode.swift; path = UserUpperInfoView.swift; sourceTree = "<group>"; };
		A5290D422752C8E200F351E2 /* UserUpperInfoView.xib */ = {isa = PBXFileReference; lastKnownFileType = file.xib; path = UserUpperInfoView.xib; sourceTree = "<group>"; };
		A5439263275243B000B26005 /* RegisterViewController.swift */ = {isa = PBXFileReference; lastKnownFileType = sourcecode.swift; path = RegisterViewController.swift; sourceTree = "<group>"; };
		A5439264275243B000B26005 /* RegisterViewController.xib */ = {isa = PBXFileReference; lastKnownFileType = file.xib; path = RegisterViewController.xib; sourceTree = "<group>"; };
		A5439268275244C800B26005 /* Launch Screen.storyboard */ = {isa = PBXFileReference; lastKnownFileType = file.storyboard; path = "Launch Screen.storyboard"; sourceTree = "<group>"; };
		A54392712752620500B26005 /* LoginViewController.swift */ = {isa = PBXFileReference; lastKnownFileType = sourcecode.swift; path = LoginViewController.swift; sourceTree = "<group>"; };
		A54392722752620500B26005 /* LoginViewController.xib */ = {isa = PBXFileReference; lastKnownFileType = file.xib; path = LoginViewController.xib; sourceTree = "<group>"; };
		A54392782752725700B26005 /* UserDefaultsService.swift */ = {isa = PBXFileReference; lastKnownFileType = sourcecode.swift; path = UserDefaultsService.swift; sourceTree = "<group>"; };
		A543927D27527CFF00B26005 /* ProfileDetailsView.swift */ = {isa = PBXFileReference; lastKnownFileType = sourcecode.swift; path = ProfileDetailsView.swift; sourceTree = "<group>"; };
		CAB5EDCE2751E234002E149F /* Investment.app */ = {isa = PBXFileReference; explicitFileType = wrapper.application; includeInIndex = 0; path = Investment.app; sourceTree = BUILT_PRODUCTS_DIR; };
		CAB5EDD12751E234002E149F /* InvestmentApp.swift */ = {isa = PBXFileReference; lastKnownFileType = sourcecode.swift; path = InvestmentApp.swift; sourceTree = "<group>"; };
		CAB5EDD32751E234002E149F /* ContentView.swift */ = {isa = PBXFileReference; lastKnownFileType = sourcecode.swift; path = ContentView.swift; sourceTree = "<group>"; };
		CAB5EDD52751E23F002E149F /* Assets.xcassets */ = {isa = PBXFileReference; lastKnownFileType = folder.assetcatalog; path = Assets.xcassets; sourceTree = "<group>"; };
		CAB5EDD82751E23F002E149F /* Preview Assets.xcassets */ = {isa = PBXFileReference; lastKnownFileType = folder.assetcatalog; path = "Preview Assets.xcassets"; sourceTree = "<group>"; };
		CAB5EDE02751E2A6002E149F /* Color+Custom.swift */ = {isa = PBXFileReference; lastKnownFileType = sourcecode.swift; path = "Color+Custom.swift"; sourceTree = "<group>"; };
		CAB5EDE22751E2B7002E149F /* Font+Custom.swift */ = {isa = PBXFileReference; lastKnownFileType = sourcecode.swift; path = "Font+Custom.swift"; sourceTree = "<group>"; };
		CAB5EDE52751E407002E149F /* Poppins-BoldItalic.ttf */ = {isa = PBXFileReference; lastKnownFileType = file; path = "Poppins-BoldItalic.ttf"; sourceTree = "<group>"; };
		CAB5EDE62751E407002E149F /* Poppins-ExtraBoldItalic.ttf */ = {isa = PBXFileReference; lastKnownFileType = file; path = "Poppins-ExtraBoldItalic.ttf"; sourceTree = "<group>"; };
		CAB5EDE72751E407002E149F /* Poppins-Medium.ttf */ = {isa = PBXFileReference; lastKnownFileType = file; path = "Poppins-Medium.ttf"; sourceTree = "<group>"; };
		CAB5EDE82751E407002E149F /* Poppins-Bold.ttf */ = {isa = PBXFileReference; lastKnownFileType = file; path = "Poppins-Bold.ttf"; sourceTree = "<group>"; };
		CAB5EDE92751E407002E149F /* Poppins-ExtraBold.ttf */ = {isa = PBXFileReference; lastKnownFileType = file; path = "Poppins-ExtraBold.ttf"; sourceTree = "<group>"; };
		CAB5EDEA2751E407002E149F /* Poppins-MediumItalic.ttf */ = {isa = PBXFileReference; lastKnownFileType = file; path = "Poppins-MediumItalic.ttf"; sourceTree = "<group>"; };
		CAB5EDEB2751E407002E149F /* Poppins-SemiBold.ttf */ = {isa = PBXFileReference; lastKnownFileType = file; path = "Poppins-SemiBold.ttf"; sourceTree = "<group>"; };
		CAB5EDEC2751E407002E149F /* Poppins-LightItalic.ttf */ = {isa = PBXFileReference; lastKnownFileType = file; path = "Poppins-LightItalic.ttf"; sourceTree = "<group>"; };
		CAB5EDED2751E407002E149F /* Poppins-Regular.ttf */ = {isa = PBXFileReference; lastKnownFileType = file; path = "Poppins-Regular.ttf"; sourceTree = "<group>"; };
		CAB5EDEE2751E407002E149F /* Poppins-Italic.ttf */ = {isa = PBXFileReference; lastKnownFileType = file; path = "Poppins-Italic.ttf"; sourceTree = "<group>"; };
		CAB5EDEF2751E407002E149F /* Poppins-SemiBoldItalic.ttf */ = {isa = PBXFileReference; lastKnownFileType = file; path = "Poppins-SemiBoldItalic.ttf"; sourceTree = "<group>"; };
		CAB5EDF02751E407002E149F /* Poppins-BlackItalic.ttf */ = {isa = PBXFileReference; lastKnownFileType = file; path = "Poppins-BlackItalic.ttf"; sourceTree = "<group>"; };
		CAB5EDF12751E407002E149F /* Poppins-Black.ttf */ = {isa = PBXFileReference; lastKnownFileType = file; path = "Poppins-Black.ttf"; sourceTree = "<group>"; };
		CAB5EDF22751E407002E149F /* Poppins-Light.ttf */ = {isa = PBXFileReference; lastKnownFileType = file; path = "Poppins-Light.ttf"; sourceTree = "<group>"; };
		CAB5EDF32751E407002E149F /* Poppins-ExtraLight.ttf */ = {isa = PBXFileReference; lastKnownFileType = file; path = "Poppins-ExtraLight.ttf"; sourceTree = "<group>"; };
		CAB5EDF42751E407002E149F /* Poppins-ExtraLightItalic.ttf */ = {isa = PBXFileReference; lastKnownFileType = file; path = "Poppins-ExtraLightItalic.ttf"; sourceTree = "<group>"; };
		CAB5EDF52751E407002E149F /* Poppins-ThinItalic.ttf */ = {isa = PBXFileReference; lastKnownFileType = file; path = "Poppins-ThinItalic.ttf"; sourceTree = "<group>"; };
		CAB5EDF62751E407002E149F /* Poppins-Thin.ttf */ = {isa = PBXFileReference; lastKnownFileType = file; path = "Poppins-Thin.ttf"; sourceTree = "<group>"; };
		CAB5EE092751E41C002E149F /* Info.plist */ = {isa = PBXFileReference; lastKnownFileType = text.plist; path = Info.plist; sourceTree = "<group>"; };
		CAB5EE0B2751E58F002E149F /* BannerShowing.swift */ = {isa = PBXFileReference; lastKnownFileType = sourcecode.swift; path = BannerShowing.swift; sourceTree = "<group>"; };
		CAB5EE172751E67C002E149F /* NetworkService.swift */ = {isa = PBXFileReference; lastKnownFileType = sourcecode.swift; path = NetworkService.swift; sourceTree = "<group>"; };
		CAB5EE1B2751E954002E149F /* TabbarViewModel.swift */ = {isa = PBXFileReference; lastKnownFileType = sourcecode.swift; path = TabbarViewModel.swift; sourceTree = "<group>"; };
		CAB5EE1D2751EA8F002E149F /* TabbarView.swift */ = {isa = PBXFileReference; lastKnownFileType = sourcecode.swift; path = TabbarView.swift; sourceTree = "<group>"; };
		CAB5EE202751F091002E149F /* ChatsView.swift */ = {isa = PBXFileReference; lastKnownFileType = sourcecode.swift; path = ChatsView.swift; sourceTree = "<group>"; };
		CAB5EE222751F0A3002E149F /* ChatsViewModel.swift */ = {isa = PBXFileReference; lastKnownFileType = sourcecode.swift; path = ChatsViewModel.swift; sourceTree = "<group>"; };
		CAB5EE252751F0E8002E149F /* Chat.swift */ = {isa = PBXFileReference; lastKnownFileType = sourcecode.swift; path = Chat.swift; sourceTree = "<group>"; };
		CAB5EE2B27520237002E149F /* MessagesView.swift */ = {isa = PBXFileReference; lastKnownFileType = sourcecode.swift; path = MessagesView.swift; sourceTree = "<group>"; };
		CAB5EE2D2752024A002E149F /* MessagesViewModel.swift */ = {isa = PBXFileReference; lastKnownFileType = sourcecode.swift; path = MessagesViewModel.swift; sourceTree = "<group>"; };
		CAB5EE2F2752027E002E149F /* Message.swift */ = {isa = PBXFileReference; lastKnownFileType = sourcecode.swift; path = Message.swift; sourceTree = "<group>"; };
		CAB5EE3127520E4F002E149F /* Date+Custom.swift */ = {isa = PBXFileReference; lastKnownFileType = sourcecode.swift; path = "Date+Custom.swift"; sourceTree = "<group>"; };
		CAB5EE3327520E87002E149F /* MessageRow.swift */ = {isa = PBXFileReference; lastKnownFileType = sourcecode.swift; path = MessageRow.swift; sourceTree = "<group>"; };
		CAB5EE3627522D2F002E149F /* HomeViewModel.swift */ = {isa = PBXFileReference; lastKnownFileType = sourcecode.swift; path = HomeViewModel.swift; sourceTree = "<group>"; };
		CAB5EE3827522D46002E149F /* HomeView.swift */ = {isa = PBXFileReference; lastKnownFileType = sourcecode.swift; path = HomeView.swift; sourceTree = "<group>"; };
		CAB5EE4627523565002E149F /* RegisterView.swift */ = {isa = PBXFileReference; lastKnownFileType = sourcecode.swift; path = RegisterView.swift; sourceTree = "<group>"; };
		CAB5EE69275298B8002E149F /* CommentsViewModel.swift */ = {isa = PBXFileReference; fileEncoding = 4; lastKnownFileType = sourcecode.swift; path = CommentsViewModel.swift; sourceTree = "<group>"; };
		CAB5EE6A275298B8002E149F /* CommentsView.swift */ = {isa = PBXFileReference; fileEncoding = 4; lastKnownFileType = sourcecode.swift; path = CommentsView.swift; sourceTree = "<group>"; };
		CAB5EE6C275298B8002E149F /* ThreadView.swift */ = {isa = PBXFileReference; fileEncoding = 4; lastKnownFileType = sourcecode.swift; path = ThreadView.swift; sourceTree = "<group>"; };
		CAB5EE6D275298B8002E149F /* ThreadViewModel.swift */ = {isa = PBXFileReference; fileEncoding = 4; lastKnownFileType = sourcecode.swift; path = ThreadViewModel.swift; sourceTree = "<group>"; };
		CAB5EE6E275298B8002E149F /* CommentView.swift */ = {isa = PBXFileReference; fileEncoding = 4; lastKnownFileType = sourcecode.swift; path = CommentView.swift; sourceTree = "<group>"; };
		CAB5EE70275298B8002E149F /* NewsView.swift */ = {isa = PBXFileReference; fileEncoding = 4; lastKnownFileType = sourcecode.swift; path = NewsView.swift; sourceTree = "<group>"; };
		CAB5EE71275298B8002E149F /* NewsViewModel.swift */ = {isa = PBXFileReference; fileEncoding = 4; lastKnownFileType = sourcecode.swift; path = NewsViewModel.swift; sourceTree = "<group>"; };
		CAB5EE72275298B8002E149F /* PostView.swift */ = {isa = PBXFileReference; fileEncoding = 4; lastKnownFileType = sourcecode.swift; path = PostView.swift; sourceTree = "<group>"; };
		CAB5EE73275298B8002E149F /* InstrumentView.swift */ = {isa = PBXFileReference; fileEncoding = 4; lastKnownFileType = sourcecode.swift; path = InstrumentView.swift; sourceTree = "<group>"; };
		CAB5EE7D275298C4002E149F /* Post.swift */ = {isa = PBXFileReference; fileEncoding = 4; lastKnownFileType = sourcecode.swift; path = Post.swift; sourceTree = "<group>"; };
		CAB5EE7F275298F4002E149F /* AuthResult.swift */ = {isa = PBXFileReference; lastKnownFileType = sourcecode.swift; path = AuthResult.swift; sourceTree = "<group>"; };
		CAB5EE8127529935002E149F /* Author.swift */ = {isa = PBXFileReference; lastKnownFileType = sourcecode.swift; path = Author.swift; sourceTree = "<group>"; };
		CAB5EE8327529949002E149F /* Instrument.swift */ = {isa = PBXFileReference; lastKnownFileType = sourcecode.swift; path = Instrument.swift; sourceTree = "<group>"; };
		CAB5EE8527529978002E149F /* Comment.swift */ = {isa = PBXFileReference; lastKnownFileType = sourcecode.swift; path = Comment.swift; sourceTree = "<group>"; };
		CAB5EE87275299BD002E149F /* SendView.swift */ = {isa = PBXFileReference; fileEncoding = 4; lastKnownFileType = sourcecode.swift; path = SendView.swift; sourceTree = "<group>"; };
		CAB5EE8B27529C1C002E149F /* NetworkService+Extensions.swift */ = {isa = PBXFileReference; lastKnownFileType = sourcecode.swift; path = "NetworkService+Extensions.swift"; sourceTree = "<group>"; };
		CAB5EE902752AC41002E149F /* InstrumentsViewModel.swift */ = {isa = PBXFileReference; lastKnownFileType = sourcecode.swift; path = InstrumentsViewModel.swift; sourceTree = "<group>"; };
		CAB5EE922752AC54002E149F /* InstrumentsView.swift */ = {isa = PBXFileReference; lastKnownFileType = sourcecode.swift; path = InstrumentsView.swift; sourceTree = "<group>"; };
		CAB5EE952752B66D002E149F /* InstrumentDetailsView.swift */ = {isa = PBXFileReference; lastKnownFileType = sourcecode.swift; path = InstrumentDetailsView.swift; sourceTree = "<group>"; };
		CAB5EE972752B68E002E149F /* InstrumentDetailsViewModel.swift */ = {isa = PBXFileReference; lastKnownFileType = sourcecode.swift; path = InstrumentDetailsViewModel.swift; sourceTree = "<group>"; };
/* End PBXFileReference section */

/* Begin PBXFrameworksBuildPhase section */
		CAB5EDCB2751E234002E149F /* Frameworks */ = {
			isa = PBXFrameworksBuildPhase;
			buildActionMask = 2147483647;
			files = (
				CAB5EE292751F617002E149F /* SDWebImageSwiftUI in Frameworks */,
				CAB5EE152751E630002E149F /* SnapKit in Frameworks */,
				CAB5EE0F2751E5F9002E149F /* NotificationBannerSwift in Frameworks */,
				CAB5EE122751E621002E149F /* Alamofire in Frameworks */,
			);
			runOnlyForDeploymentPostprocessing = 0;
		};
/* End PBXFrameworksBuildPhase section */

/* Begin PBXGroup section */
		A515F1C72753505B003E8E64 /* ViewControllers */ = {
			isa = PBXGroup;
			children = (
				A515F1C827535097003E8E64 /* CreatePostViewController.swift */,
				A515F1C927535097003E8E64 /* CreatePostViewController.xib */,
			);
			path = ViewControllers;
			sourceTree = "<group>";
		};
		A543926F275261B200B26005 /* Login */ = {
			isa = PBXGroup;
			children = (
				A54392712752620500B26005 /* LoginViewController.swift */,
				A54392722752620500B26005 /* LoginViewController.xib */,
			);
			path = Login;
			sourceTree = "<group>";
		};
		A543927C27527CEB00B26005 /* Views */ = {
			isa = PBXGroup;
			children = (
				CAB5EE87275299BD002E149F /* SendView.swift */,
				A543927D27527CFF00B26005 /* ProfileDetailsView.swift */,
				A5290D3F2752C89100F351E2 /* UserUpperInfoView.swift */,
				A5290D422752C8E200F351E2 /* UserUpperInfoView.xib */,
			);
			path = Views;
			sourceTree = "<group>";
		};
		CAB5EDC52751E234002E149F = {
			isa = PBXGroup;
			children = (
				A5439268275244C800B26005 /* Launch Screen.storyboard */,
				CAB5EDD02751E234002E149F /* Investment */,
				CAB5EDCF2751E234002E149F /* Products */,
			);
			sourceTree = "<group>";
		};
		CAB5EDCF2751E234002E149F /* Products */ = {
			isa = PBXGroup;
			children = (
				CAB5EDCE2751E234002E149F /* Investment.app */,
			);
			name = Products;
			sourceTree = "<group>";
		};
		CAB5EDD02751E234002E149F /* Investment */ = {
			isa = PBXGroup;
			children = (
				A515F1C72753505B003E8E64 /* ViewControllers */,
				A543927C27527CEB00B26005 /* Views */,
				CAB5EE242751F0DF002E149F /* Models */,
				CAB5EE192751E93A002E149F /* Modules */,
				CAB5EE162751E66E002E149F /* Services */,
				CAB5EE0A2751E57E002E149F /* Utils */,
				CAB5EE092751E41C002E149F /* Info.plist */,
				CAB5EDE42751E385002E149F /* Fonts */,
				CAB5EDDF2751E293002E149F /* Extensions */,
				CAB5EDD12751E234002E149F /* InvestmentApp.swift */,
				CAB5EDD32751E234002E149F /* ContentView.swift */,
				CAB5EDD52751E23F002E149F /* Assets.xcassets */,
				CAB5EDD72751E23F002E149F /* Preview Content */,
			);
			path = Investment;
			sourceTree = "<group>";
		};
		CAB5EDD72751E23F002E149F /* Preview Content */ = {
			isa = PBXGroup;
			children = (
				CAB5EDD82751E23F002E149F /* Preview Assets.xcassets */,
			);
			path = "Preview Content";
			sourceTree = "<group>";
		};
		CAB5EDDF2751E293002E149F /* Extensions */ = {
			isa = PBXGroup;
			children = (
				CAB5EDE02751E2A6002E149F /* Color+Custom.swift */,
				CAB5EDE22751E2B7002E149F /* Font+Custom.swift */,
				CAB5EE3127520E4F002E149F /* Date+Custom.swift */,
			);
			path = Extensions;
			sourceTree = "<group>";
		};
		CAB5EDE42751E385002E149F /* Fonts */ = {
			isa = PBXGroup;
			children = (
				CAB5EDF12751E407002E149F /* Poppins-Black.ttf */,
				CAB5EDF02751E407002E149F /* Poppins-BlackItalic.ttf */,
				CAB5EDE82751E407002E149F /* Poppins-Bold.ttf */,
				CAB5EDE52751E407002E149F /* Poppins-BoldItalic.ttf */,
				CAB5EDE92751E407002E149F /* Poppins-ExtraBold.ttf */,
				CAB5EDE62751E407002E149F /* Poppins-ExtraBoldItalic.ttf */,
				CAB5EDF32751E407002E149F /* Poppins-ExtraLight.ttf */,
				CAB5EDF42751E407002E149F /* Poppins-ExtraLightItalic.ttf */,
				CAB5EDEE2751E407002E149F /* Poppins-Italic.ttf */,
				CAB5EDF22751E407002E149F /* Poppins-Light.ttf */,
				CAB5EDEC2751E407002E149F /* Poppins-LightItalic.ttf */,
				CAB5EDE72751E407002E149F /* Poppins-Medium.ttf */,
				CAB5EDEA2751E407002E149F /* Poppins-MediumItalic.ttf */,
				CAB5EDED2751E407002E149F /* Poppins-Regular.ttf */,
				CAB5EDEB2751E407002E149F /* Poppins-SemiBold.ttf */,
				CAB5EDEF2751E407002E149F /* Poppins-SemiBoldItalic.ttf */,
				CAB5EDF62751E407002E149F /* Poppins-Thin.ttf */,
				CAB5EDF52751E407002E149F /* Poppins-ThinItalic.ttf */,
			);
			path = Fonts;
			sourceTree = "<group>";
		};
		CAB5EE0A2751E57E002E149F /* Utils */ = {
			isa = PBXGroup;
			children = (
				CAB5EE0B2751E58F002E149F /* BannerShowing.swift */,
			);
			path = Utils;
			sourceTree = "<group>";
		};
		CAB5EE162751E66E002E149F /* Services */ = {
			isa = PBXGroup;
			children = (
				CAB5EE8927529BE4002E149F /* Network Service */,
				A54392782752725700B26005 /* UserDefaultsService.swift */,
			);
			path = Services;
			sourceTree = "<group>";
		};
		CAB5EE192751E93A002E149F /* Modules */ = {
			isa = PBXGroup;
			children = (
				CAB5EE8F2752AC29002E149F /* Instruments */,
				CAB5EE68275298B8002E149F /* Comments */,
				CAB5EE6F275298B8002E149F /* News */,
				A543926F275261B200B26005 /* Login */,
				CAB5EE432752353D002E149F /* Register */,
				CAB5EE3527522D1F002E149F /* Home */,
				CAB5EE1F2751F07B002E149F /* Chats */,
				CAB5EE1A2751E944002E149F /* TabBar */,
			);
			path = Modules;
			sourceTree = "<group>";
		};
		CAB5EE1A2751E944002E149F /* TabBar */ = {
			isa = PBXGroup;
			children = (
				CAB5EE1B2751E954002E149F /* TabbarViewModel.swift */,
				CAB5EE1D2751EA8F002E149F /* TabbarView.swift */,
			);
			path = TabBar;
			sourceTree = "<group>";
		};
		CAB5EE1F2751F07B002E149F /* Chats */ = {
			isa = PBXGroup;
			children = (
				CAB5EE2A2752021A002E149F /* Messages */,
				CAB5EE202751F091002E149F /* ChatsView.swift */,
				CAB5EE222751F0A3002E149F /* ChatsViewModel.swift */,
			);
			path = Chats;
			sourceTree = "<group>";
		};
		CAB5EE242751F0DF002E149F /* Models */ = {
			isa = PBXGroup;
			children = (
				CAB5EE7D275298C4002E149F /* Post.swift */,
				CAB5EE252751F0E8002E149F /* Chat.swift */,
				CAB5EE2F2752027E002E149F /* Message.swift */,
				CAB5EE7F275298F4002E149F /* AuthResult.swift */,
				CAB5EE8127529935002E149F /* Author.swift */,
				CAB5EE8327529949002E149F /* Instrument.swift */,
				CAB5EE8527529978002E149F /* Comment.swift */,
			);
			path = Models;
			sourceTree = "<group>";
		};
		CAB5EE2A2752021A002E149F /* Messages */ = {
			isa = PBXGroup;
			children = (
				CAB5EE2B27520237002E149F /* MessagesView.swift */,
				CAB5EE2D2752024A002E149F /* MessagesViewModel.swift */,
				CAB5EE3327520E87002E149F /* MessageRow.swift */,
			);
			path = Messages;
			sourceTree = "<group>";
		};
		CAB5EE3527522D1F002E149F /* Home */ = {
			isa = PBXGroup;
			children = (
				CAB5EE3627522D2F002E149F /* HomeViewModel.swift */,
				CAB5EE3827522D46002E149F /* HomeView.swift */,
			);
			path = Home;
			sourceTree = "<group>";
		};
		CAB5EE432752353D002E149F /* Register */ = {
			isa = PBXGroup;
			children = (
				CAB5EE4627523565002E149F /* RegisterView.swift */,
				A5439263275243B000B26005 /* RegisterViewController.swift */,
				A5439264275243B000B26005 /* RegisterViewController.xib */,
			);
			path = Register;
			sourceTree = "<group>";
		};
		CAB5EE68275298B8002E149F /* Comments */ = {
			isa = PBXGroup;
			children = (
				CAB5EE69275298B8002E149F /* CommentsViewModel.swift */,
				CAB5EE6A275298B8002E149F /* CommentsView.swift */,
				CAB5EE6B275298B8002E149F /* Thread */,
				CAB5EE6E275298B8002E149F /* CommentView.swift */,
			);
			path = Comments;
			sourceTree = "<group>";
		};
		CAB5EE6B275298B8002E149F /* Thread */ = {
			isa = PBXGroup;
			children = (
				CAB5EE6C275298B8002E149F /* ThreadView.swift */,
				CAB5EE6D275298B8002E149F /* ThreadViewModel.swift */,
			);
			path = Thread;
			sourceTree = "<group>";
		};
		CAB5EE6F275298B8002E149F /* News */ = {
			isa = PBXGroup;
			children = (
				CAB5EE70275298B8002E149F /* NewsView.swift */,
				CAB5EE71275298B8002E149F /* NewsViewModel.swift */,
				CAB5EE72275298B8002E149F /* PostView.swift */,
				CAB5EE73275298B8002E149F /* InstrumentView.swift */,
			);
			path = News;
			sourceTree = "<group>";
		};
		CAB5EE8927529BE4002E149F /* Network Service */ = {
			isa = PBXGroup;
			children = (
				CAB5EE172751E67C002E149F /* NetworkService.swift */,
				CAB5EE8B27529C1C002E149F /* NetworkService+Extensions.swift */,
			);
			path = "Network Service";
			sourceTree = "<group>";
		};
		CAB5EE8F2752AC29002E149F /* Instruments */ = {
			isa = PBXGroup;
			children = (
				CAB5EE942752B653002E149F /* Instrument Details */,
				CAB5EE902752AC41002E149F /* InstrumentsViewModel.swift */,
				CAB5EE922752AC54002E149F /* InstrumentsView.swift */,
			);
			path = Instruments;
			sourceTree = "<group>";
		};
		CAB5EE942752B653002E149F /* Instrument Details */ = {
			isa = PBXGroup;
			children = (
				CAB5EE952752B66D002E149F /* InstrumentDetailsView.swift */,
				CAB5EE972752B68E002E149F /* InstrumentDetailsViewModel.swift */,
			);
			path = "Instrument Details";
			sourceTree = "<group>";
		};
/* End PBXGroup section */

/* Begin PBXNativeTarget section */
		CAB5EDCD2751E234002E149F /* Investment */ = {
			isa = PBXNativeTarget;
			buildConfigurationList = CAB5EDDC2751E23F002E149F /* Build configuration list for PBXNativeTarget "Investment" */;
			buildPhases = (
				CAB5EDCA2751E234002E149F /* Sources */,
				CAB5EDCB2751E234002E149F /* Frameworks */,
				CAB5EDCC2751E234002E149F /* Resources */,
			);
			buildRules = (
			);
			dependencies = (
			);
			name = Investment;
			packageProductDependencies = (
				CAB5EE0E2751E5F9002E149F /* NotificationBannerSwift */,
				CAB5EE112751E621002E149F /* Alamofire */,
				CAB5EE142751E630002E149F /* SnapKit */,
				CAB5EE282751F617002E149F /* SDWebImageSwiftUI */,
			);
			productName = Investment;
			productReference = CAB5EDCE2751E234002E149F /* Investment.app */;
			productType = "com.apple.product-type.application";
		};
/* End PBXNativeTarget section */

/* Begin PBXProject section */
		CAB5EDC62751E234002E149F /* Project object */ = {
			isa = PBXProject;
			attributes = {
				BuildIndependentTargetsInParallel = 1;
				LastSwiftUpdateCheck = 1300;
				LastUpgradeCheck = 1300;
				TargetAttributes = {
					CAB5EDCD2751E234002E149F = {
						CreatedOnToolsVersion = 13.0;
					};
				};
			};
			buildConfigurationList = CAB5EDC92751E234002E149F /* Build configuration list for PBXProject "Investment" */;
			compatibilityVersion = "Xcode 12.0";
			developmentRegion = en;
			hasScannedForEncodings = 0;
			knownRegions = (
				en,
				Base,
			);
			mainGroup = CAB5EDC52751E234002E149F;
			packageReferences = (
				CAB5EE0D2751E5F8002E149F /* XCRemoteSwiftPackageReference "NotificationBanner" */,
				CAB5EE102751E621002E149F /* XCRemoteSwiftPackageReference "Alamofire" */,
				CAB5EE132751E630002E149F /* XCRemoteSwiftPackageReference "SnapKit" */,
				CAB5EE272751F617002E149F /* XCRemoteSwiftPackageReference "SDWebImageSwiftUI" */,
			);
			productRefGroup = CAB5EDCF2751E234002E149F /* Products */;
			projectDirPath = "";
			projectRoot = "";
			targets = (
				CAB5EDCD2751E234002E149F /* Investment */,
			);
		};
/* End PBXProject section */

/* Begin PBXResourcesBuildPhase section */
		CAB5EDCC2751E234002E149F /* Resources */ = {
			isa = PBXResourcesBuildPhase;
			buildActionMask = 2147483647;
			files = (
				CAB5EDF82751E407002E149F /* Poppins-ExtraBoldItalic.ttf in Resources */,
				A515F1CB27535097003E8E64 /* CreatePostViewController.xib in Resources */,
				CAB5EE052751E407002E149F /* Poppins-ExtraLight.ttf in Resources */,
				CAB5EDFE2751E407002E149F /* Poppins-LightItalic.ttf in Resources */,
				CAB5EDFC2751E407002E149F /* Poppins-MediumItalic.ttf in Resources */,
				CAB5EE012751E407002E149F /* Poppins-SemiBoldItalic.ttf in Resources */,
				CAB5EDFA2751E407002E149F /* Poppins-Bold.ttf in Resources */,
				A5290D432752C8E200F351E2 /* UserUpperInfoView.xib in Resources */,
				A5439269275244C800B26005 /* Launch Screen.storyboard in Resources */,
				CAB5EDF72751E407002E149F /* Poppins-BoldItalic.ttf in Resources */,
				A5439266275243B100B26005 /* RegisterViewController.xib in Resources */,
				CAB5EDFB2751E407002E149F /* Poppins-ExtraBold.ttf in Resources */,
				CAB5EE002751E407002E149F /* Poppins-Italic.ttf in Resources */,
				CAB5EE082751E407002E149F /* Poppins-Thin.ttf in Resources */,
				CAB5EE022751E407002E149F /* Poppins-BlackItalic.ttf in Resources */,
				CAB5EE032751E407002E149F /* Poppins-Black.ttf in Resources */,
				CAB5EDD92751E23F002E149F /* Preview Assets.xcassets in Resources */,
				CAB5EE062751E407002E149F /* Poppins-ExtraLightItalic.ttf in Resources */,
				CAB5EE042751E407002E149F /* Poppins-Light.ttf in Resources */,
				CAB5EDFD2751E407002E149F /* Poppins-SemiBold.ttf in Resources */,
				CAB5EDFF2751E407002E149F /* Poppins-Regular.ttf in Resources */,
				A54392742752620500B26005 /* LoginViewController.xib in Resources */,
				CAB5EDD62751E23F002E149F /* Assets.xcassets in Resources */,
				CAB5EE072751E407002E149F /* Poppins-ThinItalic.ttf in Resources */,
				CAB5EDF92751E407002E149F /* Poppins-Medium.ttf in Resources */,
			);
			runOnlyForDeploymentPostprocessing = 0;
		};
/* End PBXResourcesBuildPhase section */

/* Begin PBXSourcesBuildPhase section */
		CAB5EDCA2751E234002E149F /* Sources */ = {
			isa = PBXSourcesBuildPhase;
			buildActionMask = 2147483647;
			files = (
				CAB5EE3727522D30002E149F /* HomeViewModel.swift in Sources */,
				CAB5EE232751F0A3002E149F /* ChatsViewModel.swift in Sources */,
				CAB5EE8427529949002E149F /* Instrument.swift in Sources */,
				CAB5EE75275298B8002E149F /* CommentsView.swift in Sources */,
				CAB5EE982752B68E002E149F /* InstrumentDetailsViewModel.swift in Sources */,
				CAB5EDE12751E2A6002E149F /* Color+Custom.swift in Sources */,
				CAB5EE7C275298B8002E149F /* InstrumentView.swift in Sources */,
				CAB5EE77275298B8002E149F /* ThreadViewModel.swift in Sources */,
				CAB5EE0C2751E58F002E149F /* BannerShowing.swift in Sources */,
				CAB5EE1E2751EA8F002E149F /* TabbarView.swift in Sources */,
				CAB5EE79275298B8002E149F /* NewsView.swift in Sources */,
				CAB5EE1C2751E954002E149F /* TabbarViewModel.swift in Sources */,
				CAB5EE8227529935002E149F /* Author.swift in Sources */,
				CAB5EE7B275298B8002E149F /* PostView.swift in Sources */,
				CAB5EDE32751E2B7002E149F /* Font+Custom.swift in Sources */,
				CAB5EE262751F0E8002E149F /* Chat.swift in Sources */,
				CAB5EE74275298B8002E149F /* CommentsViewModel.swift in Sources */,
				CAB5EE912752AC41002E149F /* InstrumentsViewModel.swift in Sources */,
				CAB5EDD42751E234002E149F /* ContentView.swift in Sources */,
				CAB5EE3927522D46002E149F /* HomeView.swift in Sources */,
				A5439265275243B100B26005 /* RegisterViewController.swift in Sources */,
				CAB5EE7E275298C4002E149F /* Post.swift in Sources */,
				CAB5EE80275298F4002E149F /* AuthResult.swift in Sources */,
				CAB5EE3427520E87002E149F /* MessageRow.swift in Sources */,
				CAB5EE2E2752024A002E149F /* MessagesViewModel.swift in Sources */,
				A515F1CA27535097003E8E64 /* CreatePostViewController.swift in Sources */,
				CAB5EE78275298B8002E149F /* CommentView.swift in Sources */,
				CAB5EE2C27520237002E149F /* MessagesView.swift in Sources */,
				CAB5EE932752AC54002E149F /* InstrumentsView.swift in Sources */,
				CAB5EE76275298B8002E149F /* ThreadView.swift in Sources */,
				CAB5EE4727523565002E149F /* RegisterView.swift in Sources */,
				CAB5EE7A275298B8002E149F /* NewsViewModel.swift in Sources */,
				CAB5EE3227520E50002E149F /* Date+Custom.swift in Sources */,
				CAB5EE212751F091002E149F /* ChatsView.swift in Sources */,
				CAB5EE8C27529C1C002E149F /* NetworkService+Extensions.swift in Sources */,
				A5290D402752C89100F351E2 /* UserUpperInfoView.swift in Sources */,
				CAB5EE962752B66D002E149F /* InstrumentDetailsView.swift in Sources */,
				CAB5EE182751E67C002E149F /* NetworkService.swift in Sources */,
				A54392792752725700B26005 /* UserDefaultsService.swift in Sources */,
				CAB5EE8627529978002E149F /* Comment.swift in Sources */,
				A543927E27527CFF00B26005 /* ProfileDetailsView.swift in Sources */,
				CAB5EDD22751E234002E149F /* InvestmentApp.swift in Sources */,
				A54392732752620500B26005 /* LoginViewController.swift in Sources */,
				CAB5EE88275299BD002E149F /* SendView.swift in Sources */,
				CAB5EE302752027E002E149F /* Message.swift in Sources */,
			);
			runOnlyForDeploymentPostprocessing = 0;
		};
/* End PBXSourcesBuildPhase section */

/* Begin XCBuildConfiguration section */
		CAB5EDDA2751E23F002E149F /* Debug */ = {
			isa = XCBuildConfiguration;
			buildSettings = {
				ALWAYS_SEARCH_USER_PATHS = NO;
				CLANG_ANALYZER_NONNULL = YES;
				CLANG_ANALYZER_NUMBER_OBJECT_CONVERSION = YES_AGGRESSIVE;
				CLANG_CXX_LANGUAGE_STANDARD = "gnu++17";
				CLANG_CXX_LIBRARY = "libc++";
				CLANG_ENABLE_MODULES = YES;
				CLANG_ENABLE_OBJC_ARC = YES;
				CLANG_ENABLE_OBJC_WEAK = YES;
				CLANG_WARN_BLOCK_CAPTURE_AUTORELEASING = YES;
				CLANG_WARN_BOOL_CONVERSION = YES;
				CLANG_WARN_COMMA = YES;
				CLANG_WARN_CONSTANT_CONVERSION = YES;
				CLANG_WARN_DEPRECATED_OBJC_IMPLEMENTATIONS = YES;
				CLANG_WARN_DIRECT_OBJC_ISA_USAGE = YES_ERROR;
				CLANG_WARN_DOCUMENTATION_COMMENTS = YES;
				CLANG_WARN_EMPTY_BODY = YES;
				CLANG_WARN_ENUM_CONVERSION = YES;
				CLANG_WARN_INFINITE_RECURSION = YES;
				CLANG_WARN_INT_CONVERSION = YES;
				CLANG_WARN_NON_LITERAL_NULL_CONVERSION = YES;
				CLANG_WARN_OBJC_IMPLICIT_RETAIN_SELF = YES;
				CLANG_WARN_OBJC_LITERAL_CONVERSION = YES;
				CLANG_WARN_OBJC_ROOT_CLASS = YES_ERROR;
				CLANG_WARN_QUOTED_INCLUDE_IN_FRAMEWORK_HEADER = YES;
				CLANG_WARN_RANGE_LOOP_ANALYSIS = YES;
				CLANG_WARN_STRICT_PROTOTYPES = YES;
				CLANG_WARN_SUSPICIOUS_MOVE = YES;
				CLANG_WARN_UNGUARDED_AVAILABILITY = YES_AGGRESSIVE;
				CLANG_WARN_UNREACHABLE_CODE = YES;
				CLANG_WARN__DUPLICATE_METHOD_MATCH = YES;
				COPY_PHASE_STRIP = NO;
				DEBUG_INFORMATION_FORMAT = dwarf;
				ENABLE_STRICT_OBJC_MSGSEND = YES;
				ENABLE_TESTABILITY = YES;
				GCC_C_LANGUAGE_STANDARD = gnu11;
				GCC_DYNAMIC_NO_PIC = NO;
				GCC_NO_COMMON_BLOCKS = YES;
				GCC_OPTIMIZATION_LEVEL = 0;
				GCC_PREPROCESSOR_DEFINITIONS = (
					"DEBUG=1",
					"$(inherited)",
				);
				GCC_WARN_64_TO_32_BIT_CONVERSION = YES;
				GCC_WARN_ABOUT_RETURN_TYPE = YES_ERROR;
				GCC_WARN_UNDECLARED_SELECTOR = YES;
				GCC_WARN_UNINITIALIZED_AUTOS = YES_AGGRESSIVE;
				GCC_WARN_UNUSED_FUNCTION = YES;
				GCC_WARN_UNUSED_VARIABLE = YES;
				IPHONEOS_DEPLOYMENT_TARGET = 15.0;
				MTL_ENABLE_DEBUG_INFO = INCLUDE_SOURCE;
				MTL_FAST_MATH = YES;
				ONLY_ACTIVE_ARCH = YES;
				SDKROOT = iphoneos;
				SWIFT_ACTIVE_COMPILATION_CONDITIONS = DEBUG;
				SWIFT_OPTIMIZATION_LEVEL = "-Onone";
			};
			name = Debug;
		};
		CAB5EDDB2751E23F002E149F /* Release */ = {
			isa = XCBuildConfiguration;
			buildSettings = {
				ALWAYS_SEARCH_USER_PATHS = NO;
				CLANG_ANALYZER_NONNULL = YES;
				CLANG_ANALYZER_NUMBER_OBJECT_CONVERSION = YES_AGGRESSIVE;
				CLANG_CXX_LANGUAGE_STANDARD = "gnu++17";
				CLANG_CXX_LIBRARY = "libc++";
				CLANG_ENABLE_MODULES = YES;
				CLANG_ENABLE_OBJC_ARC = YES;
				CLANG_ENABLE_OBJC_WEAK = YES;
				CLANG_WARN_BLOCK_CAPTURE_AUTORELEASING = YES;
				CLANG_WARN_BOOL_CONVERSION = YES;
				CLANG_WARN_COMMA = YES;
				CLANG_WARN_CONSTANT_CONVERSION = YES;
				CLANG_WARN_DEPRECATED_OBJC_IMPLEMENTATIONS = YES;
				CLANG_WARN_DIRECT_OBJC_ISA_USAGE = YES_ERROR;
				CLANG_WARN_DOCUMENTATION_COMMENTS = YES;
				CLANG_WARN_EMPTY_BODY = YES;
				CLANG_WARN_ENUM_CONVERSION = YES;
				CLANG_WARN_INFINITE_RECURSION = YES;
				CLANG_WARN_INT_CONVERSION = YES;
				CLANG_WARN_NON_LITERAL_NULL_CONVERSION = YES;
				CLANG_WARN_OBJC_IMPLICIT_RETAIN_SELF = YES;
				CLANG_WARN_OBJC_LITERAL_CONVERSION = YES;
				CLANG_WARN_OBJC_ROOT_CLASS = YES_ERROR;
				CLANG_WARN_QUOTED_INCLUDE_IN_FRAMEWORK_HEADER = YES;
				CLANG_WARN_RANGE_LOOP_ANALYSIS = YES;
				CLANG_WARN_STRICT_PROTOTYPES = YES;
				CLANG_WARN_SUSPICIOUS_MOVE = YES;
				CLANG_WARN_UNGUARDED_AVAILABILITY = YES_AGGRESSIVE;
				CLANG_WARN_UNREACHABLE_CODE = YES;
				CLANG_WARN__DUPLICATE_METHOD_MATCH = YES;
				COPY_PHASE_STRIP = NO;
				DEBUG_INFORMATION_FORMAT = "dwarf-with-dsym";
				ENABLE_NS_ASSERTIONS = NO;
				ENABLE_STRICT_OBJC_MSGSEND = YES;
				GCC_C_LANGUAGE_STANDARD = gnu11;
				GCC_NO_COMMON_BLOCKS = YES;
				GCC_WARN_64_TO_32_BIT_CONVERSION = YES;
				GCC_WARN_ABOUT_RETURN_TYPE = YES_ERROR;
				GCC_WARN_UNDECLARED_SELECTOR = YES;
				GCC_WARN_UNINITIALIZED_AUTOS = YES_AGGRESSIVE;
				GCC_WARN_UNUSED_FUNCTION = YES;
				GCC_WARN_UNUSED_VARIABLE = YES;
				IPHONEOS_DEPLOYMENT_TARGET = 15.0;
				MTL_ENABLE_DEBUG_INFO = NO;
				MTL_FAST_MATH = YES;
				SDKROOT = iphoneos;
				SWIFT_COMPILATION_MODE = wholemodule;
				SWIFT_OPTIMIZATION_LEVEL = "-O";
				VALIDATE_PRODUCT = YES;
			};
			name = Release;
		};
		CAB5EDDD2751E23F002E149F /* Debug */ = {
			isa = XCBuildConfiguration;
			buildSettings = {
				ASSETCATALOG_COMPILER_APPICON_NAME = AppIcon;
				ASSETCATALOG_COMPILER_GLOBAL_ACCENT_COLOR_NAME = AccentColor;
				CODE_SIGN_STYLE = Automatic;
				CURRENT_PROJECT_VERSION = 1;
				DEVELOPMENT_ASSET_PATHS = "\"Investment/Preview Content\"";
				DEVELOPMENT_TEAM = 7NZPBTA9R6;
				ENABLE_PREVIEWS = YES;
				GENERATE_INFOPLIST_FILE = YES;
				INFOPLIST_FILE = Investment/Info.plist;
				INFOPLIST_KEY_CFBundleDisplayName = OpenBroker;
				INFOPLIST_KEY_UIApplicationSceneManifest_Generation = YES;
				INFOPLIST_KEY_UIApplicationSupportsIndirectInputEvents = YES;
				INFOPLIST_KEY_UILaunchStoryboardName = "Launch Screen";
				INFOPLIST_KEY_UISupportedInterfaceOrientations_iPad = "UIInterfaceOrientationPortrait UIInterfaceOrientationPortraitUpsideDown UIInterfaceOrientationLandscapeLeft UIInterfaceOrientationLandscapeRight";
				INFOPLIST_KEY_UISupportedInterfaceOrientations_iPhone = "UIInterfaceOrientationPortrait UIInterfaceOrientationLandscapeLeft UIInterfaceOrientationLandscapeRight";
				IPHONEOS_DEPLOYMENT_TARGET = 14.0;
				LD_RUNPATH_SEARCH_PATHS = (
					"$(inherited)",
					"@executable_path/Frameworks",
				);
				MARKETING_VERSION = 1.0;
				PRODUCT_BUNDLE_IDENTIFIER = com.perekrist.Investment;
				PRODUCT_NAME = "$(TARGET_NAME)";
				SWIFT_EMIT_LOC_STRINGS = YES;
				SWIFT_VERSION = 5.0;
				TARGETED_DEVICE_FAMILY = "1,2";
			};
			name = Debug;
		};
		CAB5EDDE2751E23F002E149F /* Release */ = {
			isa = XCBuildConfiguration;
			buildSettings = {
				ASSETCATALOG_COMPILER_APPICON_NAME = AppIcon;
				ASSETCATALOG_COMPILER_GLOBAL_ACCENT_COLOR_NAME = AccentColor;
				CODE_SIGN_STYLE = Automatic;
				CURRENT_PROJECT_VERSION = 1;
				DEVELOPMENT_ASSET_PATHS = "\"Investment/Preview Content\"";
				DEVELOPMENT_TEAM = 7NZPBTA9R6;
				ENABLE_PREVIEWS = YES;
				GENERATE_INFOPLIST_FILE = YES;
				INFOPLIST_FILE = Investment/Info.plist;
				INFOPLIST_KEY_CFBundleDisplayName = OpenBroker;
				INFOPLIST_KEY_UIApplicationSceneManifest_Generation = YES;
				INFOPLIST_KEY_UIApplicationSupportsIndirectInputEvents = YES;
				INFOPLIST_KEY_UILaunchStoryboardName = "Launch Screen";
				INFOPLIST_KEY_UISupportedInterfaceOrientations_iPad = "UIInterfaceOrientationPortrait UIInterfaceOrientationPortraitUpsideDown UIInterfaceOrientationLandscapeLeft UIInterfaceOrientationLandscapeRight";
				INFOPLIST_KEY_UISupportedInterfaceOrientations_iPhone = "UIInterfaceOrientationPortrait UIInterfaceOrientationLandscapeLeft UIInterfaceOrientationLandscapeRight";
				IPHONEOS_DEPLOYMENT_TARGET = 14.0;
				LD_RUNPATH_SEARCH_PATHS = (
					"$(inherited)",
					"@executable_path/Frameworks",
				);
				MARKETING_VERSION = 1.0;
				PRODUCT_BUNDLE_IDENTIFIER = com.perekrist.Investment;
				PRODUCT_NAME = "$(TARGET_NAME)";
				SWIFT_EMIT_LOC_STRINGS = YES;
				SWIFT_VERSION = 5.0;
				TARGETED_DEVICE_FAMILY = "1,2";
			};
			name = Release;
		};
/* End XCBuildConfiguration section */

/* Begin XCConfigurationList section */
		CAB5EDC92751E234002E149F /* Build configuration list for PBXProject "Investment" */ = {
			isa = XCConfigurationList;
			buildConfigurations = (
				CAB5EDDA2751E23F002E149F /* Debug */,
				CAB5EDDB2751E23F002E149F /* Release */,
			);
			defaultConfigurationIsVisible = 0;
			defaultConfigurationName = Release;
		};
		CAB5EDDC2751E23F002E149F /* Build configuration list for PBXNativeTarget "Investment" */ = {
			isa = XCConfigurationList;
			buildConfigurations = (
				CAB5EDDD2751E23F002E149F /* Debug */,
				CAB5EDDE2751E23F002E149F /* Release */,
			);
			defaultConfigurationIsVisible = 0;
			defaultConfigurationName = Release;
		};
/* End XCConfigurationList section */

/* Begin XCRemoteSwiftPackageReference section */
		CAB5EE0D2751E5F8002E149F /* XCRemoteSwiftPackageReference "NotificationBanner" */ = {
			isa = XCRemoteSwiftPackageReference;
			repositoryURL = "https://github.com/Daltron/NotificationBanner";
			requirement = {
				kind = upToNextMajorVersion;
				minimumVersion = 3.0.0;
			};
		};
		CAB5EE102751E621002E149F /* XCRemoteSwiftPackageReference "Alamofire" */ = {
			isa = XCRemoteSwiftPackageReference;
			repositoryURL = "https://github.com/Alamofire/Alamofire";
			requirement = {
				kind = upToNextMajorVersion;
				minimumVersion = 5.0.0;
			};
		};
		CAB5EE132751E630002E149F /* XCRemoteSwiftPackageReference "SnapKit" */ = {
			isa = XCRemoteSwiftPackageReference;
			repositoryURL = "https://github.com/SnapKit/SnapKit";
			requirement = {
				kind = upToNextMajorVersion;
				minimumVersion = 5.0.0;
			};
		};
		CAB5EE272751F617002E149F /* XCRemoteSwiftPackageReference "SDWebImageSwiftUI" */ = {
			isa = XCRemoteSwiftPackageReference;
			repositoryURL = "https://github.com/SDWebImage/SDWebImageSwiftUI";
			requirement = {
				kind = upToNextMajorVersion;
				minimumVersion = 2.0.0;
			};
		};
/* End XCRemoteSwiftPackageReference section */

/* Begin XCSwiftPackageProductDependency section */
		CAB5EE0E2751E5F9002E149F /* NotificationBannerSwift */ = {
			isa = XCSwiftPackageProductDependency;
			package = CAB5EE0D2751E5F8002E149F /* XCRemoteSwiftPackageReference "NotificationBanner" */;
			productName = NotificationBannerSwift;
		};
		CAB5EE112751E621002E149F /* Alamofire */ = {
			isa = XCSwiftPackageProductDependency;
			package = CAB5EE102751E621002E149F /* XCRemoteSwiftPackageReference "Alamofire" */;
			productName = Alamofire;
		};
		CAB5EE142751E630002E149F /* SnapKit */ = {
			isa = XCSwiftPackageProductDependency;
			package = CAB5EE132751E630002E149F /* XCRemoteSwiftPackageReference "SnapKit" */;
			productName = SnapKit;
		};
		CAB5EE282751F617002E149F /* SDWebImageSwiftUI */ = {
			isa = XCSwiftPackageProductDependency;
			package = CAB5EE272751F617002E149F /* XCRemoteSwiftPackageReference "SDWebImageSwiftUI" */;
			productName = SDWebImageSwiftUI;
		};
/* End XCSwiftPackageProductDependency section */
	};
	rootObject = CAB5EDC62751E234002E149F /* Project object */;
}
